
Microsoft Visual Studio Solution File, Format Version 12.00
# Visual Studio 2013
VisualStudioVersion = 12.0.21005.1
MinimumVisualStudioVersion = 10.0.40219.1
Project("{FAE04EC0-301F-11D3-BF4B-00C04F79EFBC}") = "SQLHelper", "..\SQLHelper\SQLHelper.csproj", "{A7259455-BBDD-4EE4-985C-5269986E7E19}"
EndProject
Project("{FAE04EC0-301F-11D3-BF4B-00C04F79EFBC}") = "SiteManagement", "SiteManagement\SiteManagement.csproj", "{7437594F-4291-43C1-B6BC-1C2922EF552A}"
EndProject
Global
	GlobalSection(SolutionConfigurationPlatforms) = preSolution
		Debug|Any CPU = Debug|Any CPU
		Release|Any CPU = Release|Any CPU
	EndGlobalSection
	GlobalSection(ProjectConfigurationPlatforms) = postSolution
		{A7259455-BBDD-4EE4-985C-5269986E7E19}.Debug|Any CPU.ActiveCfg = Debug|Any CPU
		{A7259455-BBDD-4EE4-985C-5269986E7E19}.Debug|Any CPU.Build.0 = Debug|Any CPU
		{A7259455-BBDD-4EE4-985C-5269986E7E19}.Release|Any CPU.ActiveCfg = Release|Any CPU
		{A7259455-BBDD-4EE4-985C-5269986E7E19}.Release|Any CPU.Build.0 = Release|Any CPU
		{7437594F-4291-43C1-B6BC-1C2922EF552A}.Debug|Any CPU.ActiveCfg = Debug|Any CPU
		{7437594F-4291-43C1-B6BC-1C2922EF552A}.Debug|Any CPU.Build.0 = Debug|Any CPU
		{7437594F-4291-43C1-B6BC-1C2922EF552A}.Release|Any CPU.ActiveCfg = Release|Any CPU
		{7437594F-4291-43C1-B6BC-1C2922EF552A}.Release|Any CPU.Build.0 = Release|Any CPU
	EndGlobalSection
	GlobalSection(SolutionProperties) = preSolution
		HideSolutionNode = FALSE
	EndGlobalSection
EndGlobal
